// !$*UTF8*$!
{
	archiveVersion = 1;
	classes = {
	};
	objectVersion = 46;
	objects = {

/* Begin PBXBuildFile section */
		96ED1E9C198AEBA200BF9E3E /* main.m in Sources */ = {isa = PBXBuildFile; fileRef = 96ED1E9B198AEBA200BF9E3E /* main.m */; };
		96ED1E9F198AEBA200BF9E3E /* AppDelegate.m in Sources */ = {isa = PBXBuildFile; fileRef = 96ED1E9E198AEBA200BF9E3E /* AppDelegate.m */; };
		96ED1EA2198AEBA200BF9E3E /* hAndyPlayer.xcdatamodeld in Sources */ = {isa = PBXBuildFile; fileRef = 96ED1EA0198AEBA200BF9E3E /* hAndyPlayer.xcdatamodeld */; };
		96ED1EA5198AEBA200BF9E3E /* ViewController.m in Sources */ = {isa = PBXBuildFile; fileRef = 96ED1EA4198AEBA200BF9E3E /* ViewController.m */; };
		96ED1EA8198AEBA200BF9E3E /* Main.storyboard in Resources */ = {isa = PBXBuildFile; fileRef = 96ED1EA6198AEBA200BF9E3E /* Main.storyboard */; };
		96ED1EAA198AEBA200BF9E3E /* Images.xcassets in Resources */ = {isa = PBXBuildFile; fileRef = 96ED1EA9198AEBA200BF9E3E /* Images.xcassets */; };
		96ED1EB6198AEBA200BF9E3E /* hAndyPlayerTests.m in Sources */ = {isa = PBXBuildFile; fileRef = 96ED1EB5198AEBA200BF9E3E /* hAndyPlayerTests.m */; };
/* End PBXBuildFile section */

/* Begin PBXContainerItemProxy section */
		96ED1EB0198AEBA200BF9E3E /* PBXContainerItemProxy */ = {
			isa = PBXContainerItemProxy;
			containerPortal = 96ED1E8E198AEBA200BF9E3E /* Project object */;
			proxyType = 1;
			remoteGlobalIDString = 96ED1E95198AEBA200BF9E3E;
			remoteInfo = hAndyPlayer;
		};
/* End PBXContainerItemProxy section */

/* Begin PBXFileReference section */
		96ED1E96198AEBA200BF9E3E /* hAndyPlayer.app */ = {isa = PBXFileReference; explicitFileType = wrapper.application; includeInIndex = 0; path = hAndyPlayer.app; sourceTree = BUILT_PRODUCTS_DIR; };
		96ED1E9A198AEBA200BF9E3E /* Info.plist */ = {isa = PBXFileReference; lastKnownFileType = text.plist.xml; path = Info.plist; sourceTree = "<group>"; };
		96ED1E9B198AEBA200BF9E3E /* main.m */ = {isa = PBXFileReference; lastKnownFileType = sourcecode.c.objc; path = main.m; sourceTree = "<group>"; };
		96ED1E9D198AEBA200BF9E3E /* AppDelegate.h */ = {isa = PBXFileReference; lastKnownFileType = sourcecode.c.h; path = AppDelegate.h; sourceTree = "<group>"; };
		96ED1E9E198AEBA200BF9E3E /* AppDelegate.m */ = {isa = PBXFileReference; lastKnownFileType = sourcecode.c.objc; path = AppDelegate.m; sourceTree = "<group>"; };
		96ED1EA1198AEBA200BF9E3E /* hAndyPlayer.xcdatamodel */ = {isa = PBXFileReference; lastKnownFileType = wrapper.xcdatamodel; path = hAndyPlayer.xcdatamodel; sourceTree = "<group>"; };
		96ED1EA3198AEBA200BF9E3E /* ViewController.h */ = {isa = PBXFileReference; lastKnownFileType = sourcecode.c.h; path = ViewController.h; sourceTree = "<group>"; };
		96ED1EA4198AEBA200BF9E3E /* ViewController.m */ = {isa = PBXFileReference; lastKnownFileType = sourcecode.c.objc; path = ViewController.m; sourceTree = "<group>"; };
		96ED1EA7198AEBA200BF9E3E /* Base */ = {isa = PBXFileReference; lastKnownFileType = file.storyboard; name = Base; path = Base.lproj/Main.storyboard; sourceTree = "<group>"; };
		96ED1EA9198AEBA200BF9E3E /* Images.xcassets */ = {isa = PBXFileReference; lastKnownFileType = folder.assetcatalog; path = Images.xcassets; sourceTree = "<group>"; };
		96ED1EAF198AEBA200BF9E3E /* hAndyPlayerTests.xctest */ = {isa = PBXFileReference; explicitFileType = wrapper.cfbundle; includeInIndex = 0; path = hAndyPlayerTests.xctest; sourceTree = BUILT_PRODUCTS_DIR; };
		96ED1EB4198AEBA200BF9E3E /* Info.plist */ = {isa = PBXFileReference; lastKnownFileType = text.plist.xml; path = Info.plist; sourceTree = "<group>"; };
		96ED1EB5198AEBA200BF9E3E /* hAndyPlayerTests.m */ = {isa = PBXFileReference; lastKnownFileType = sourcecode.c.objc; path = hAndyPlayerTests.m; sourceTree = "<group>"; };
/* End PBXFileReference section */

/* Begin PBXFrameworksBuildPhase section */
		96ED1E93198AEBA200BF9E3E /* Frameworks */ = {
			isa = PBXFrameworksBuildPhase;
			buildActionMask = 2147483647;
			files = (
			);
			runOnlyForDeploymentPostprocessing = 0;
		};
		96ED1EAC198AEBA200BF9E3E /* Frameworks */ = {
			isa = PBXFrameworksBuildPhase;
			buildActionMask = 2147483647;
			files = (
			);
			runOnlyForDeploymentPostprocessing = 0;
		};
/* End PBXFrameworksBuildPhase section */

/* Begin PBXGroup section */
		96ED1E8D198AEBA200BF9E3E = {
			isa = PBXGroup;
			children = (
				96ED1E98198AEBA200BF9E3E /* hAndyPlayer */,
				96ED1EB2198AEBA200BF9E3E /* hAndyPlayerTests */,
				96ED1E97198AEBA200BF9E3E /* Products */,
			);
			sourceTree = "<group>";
		};
		96ED1E97198AEBA200BF9E3E /* Products */ = {
			isa = PBXGroup;
			children = (
				96ED1E96198AEBA200BF9E3E /* hAndyPlayer.app */,
				96ED1EAF198AEBA200BF9E3E /* hAndyPlayerTests.xctest */,
			);
			name = Products;
			sourceTree = "<group>";
		};
		96ED1E98198AEBA200BF9E3E /* hAndyPlayer */ = {
			isa = PBXGroup;
			children = (
				96ED1E9D198AEBA200BF9E3E /* AppDelegate.h */,
				96ED1E9E198AEBA200BF9E3E /* AppDelegate.m */,
				96ED1EA3198AEBA200BF9E3E /* ViewController.h */,
				96ED1EA4198AEBA200BF9E3E /* ViewController.m */,
				96ED1EA6198AEBA200BF9E3E /* Main.storyboard */,
				96ED1EA9198AEBA200BF9E3E /* Images.xcassets */,
				96ED1EA0198AEBA200BF9E3E /* hAndyPlayer.xcdatamodeld */,
				96ED1E99198AEBA200BF9E3E /* Supporting Files */,
			);
			path = hAndyPlayer;
			sourceTree = "<group>";
		};
		96ED1E99198AEBA200BF9E3E /* Supporting Files */ = {
			isa = PBXGroup;
			children = (
				96ED1E9A198AEBA200BF9E3E /* Info.plist */,
				96ED1E9B198AEBA200BF9E3E /* main.m */,
			);
			name = "Supporting Files";
			sourceTree = "<group>";
		};
		96ED1EB2198AEBA200BF9E3E /* hAndyPlayerTests */ = {
			isa = PBXGroup;
			children = (
				96ED1EB5198AEBA200BF9E3E /* hAndyPlayerTests.m */,
				96ED1EB3198AEBA200BF9E3E /* Supporting Files */,
			);
			path = hAndyPlayerTests;
			sourceTree = "<group>";
		};
		96ED1EB3198AEBA200BF9E3E /* Supporting Files */ = {
			isa = PBXGroup;
			children = (
				96ED1EB4198AEBA200BF9E3E /* Info.plist */,
			);
			name = "Supporting Files";
			sourceTree = "<group>";
		};
/* End PBXGroup section */

/* Begin PBXNativeTarget section */
		96ED1E95198AEBA200BF9E3E /* hAndyPlayer */ = {
			isa = PBXNativeTarget;
			buildConfigurationList = 96ED1EB9198AEBA200BF9E3E /* Build configuration list for PBXNativeTarget "hAndyPlayer" */;
			buildPhases = (
				96ED1E92198AEBA200BF9E3E /* Sources */,
				96ED1E93198AEBA200BF9E3E /* Frameworks */,
				96ED1E94198AEBA200BF9E3E /* Resources */,
			);
			buildRules = (
			);
			dependencies = (
			);
			name = hAndyPlayer;
			productName = hAndyPlayer;
			productReference = 96ED1E96198AEBA200BF9E3E /* hAndyPlayer.app */;
			productType = "com.apple.product-type.application";
		};
		96ED1EAE198AEBA200BF9E3E /* hAndyPlayerTests */ = {
			isa = PBXNativeTarget;
			buildConfigurationList = 96ED1EBC198AEBA200BF9E3E /* Build configuration list for PBXNativeTarget "hAndyPlayerTests" */;
			buildPhases = (
				96ED1EAB198AEBA200BF9E3E /* Sources */,
				96ED1EAC198AEBA200BF9E3E /* Frameworks */,
				96ED1EAD198AEBA200BF9E3E /* Resources */,
			);
			buildRules = (
			);
			dependencies = (
				96ED1EB1198AEBA200BF9E3E /* PBXTargetDependency */,
			);
			name = hAndyPlayerTests;
			productName = hAndyPlayerTests;
			productReference = 96ED1EAF198AEBA200BF9E3E /* hAndyPlayerTests.xctest */;
			productType = "com.apple.product-type.bundle.unit-test";
		};
/* End PBXNativeTarget section */

/* Begin PBXProject section */
		96ED1E8E198AEBA200BF9E3E /* Project object */ = {
			isa = PBXProject;
			attributes = {
				LastUpgradeCheck = 0600;
				ORGANIZATIONNAME = "andrew glew";
				TargetAttributes = {
					96ED1E95198AEBA200BF9E3E = {
						CreatedOnToolsVersion = 6.0;
					};
					96ED1EAE198AEBA200BF9E3E = {
						CreatedOnToolsVersion = 6.0;
						TestTargetID = 96ED1E95198AEBA200BF9E3E;
					};
				};
			};
			buildConfigurationList = 96ED1E91198AEBA200BF9E3E /* Build configuration list for PBXProject "hAndyPlayer" */;
			compatibilityVersion = "Xcode 3.2";
			developmentRegion = English;
			hasScannedForEncodings = 0;
			knownRegions = (
				en,
				Base,
			);
			mainGroup = 96ED1E8D198AEBA200BF9E3E;
			productRefGroup = 96ED1E97198AEBA200BF9E3E /* Products */;
			projectDirPath = "";
			projectRoot = "";
			targets = (
				96ED1E95198AEBA200BF9E3E /* hAndyPlayer */,
				96ED1EAE198AEBA200BF9E3E /* hAndyPlayerTests */,
			);
		};
/* End PBXProject section */

/* Begin PBXResourcesBuildPhase section */
		96ED1E94198AEBA200BF9E3E /* Resources */ = {
			isa = PBXResourcesBuildPhase;
			buildActionMask = 2147483647;
			files = (
				96ED1EA8198AEBA200BF9E3E /* Main.storyboard in Resources */,
				96ED1EAA198AEBA200BF9E3E /* Images.xcassets in Resources */,
			);
			runOnlyForDeploymentPostprocessing = 0;
		};
		96ED1EAD198AEBA200BF9E3E /* Resources */ = {
			isa = PBXResourcesBuildPhase;
			buildActionMask = 2147483647;
			files = (
			);
			runOnlyForDeploymentPostprocessing = 0;
		};
/* End PBXResourcesBuildPhase section */

/* Begin PBXSourcesBuildPhase section */
		96ED1E92198AEBA200BF9E3E /* Sources */ = {
			isa = PBXSourcesBuildPhase;
			buildActionMask = 2147483647;
			files = (
				96ED1E9F198AEBA200BF9E3E /* AppDelegate.m in Sources */,
				96ED1EA2198AEBA200BF9E3E /* hAndyPlayer.xcdatamodeld in Sources */,
				96ED1EA5198AEBA200BF9E3E /* ViewController.m in Sources */,
				96ED1E9C198AEBA200BF9E3E /* main.m in Sources */,
			);
			runOnlyForDeploymentPostprocessing = 0;
		};
		96ED1EAB198AEBA200BF9E3E /* Sources */ = {
			isa = PBXSourcesBuildPhase;
			buildActionMask = 2147483647;
			files = (
				96ED1EB6198AEBA200BF9E3E /* hAndyPlayerTests.m in Sources */,
			);
			runOnlyForDeploymentPostprocessing = 0;
		};
/* End PBXSourcesBuildPhase section */

/* Begin PBXTargetDependency section */
		96ED1EB1198AEBA200BF9E3E /* PBXTargetDependency */ = {
			isa = PBXTargetDependency;
			target = 96ED1E95198AEBA200BF9E3E /* hAndyPlayer */;
			targetProxy = 96ED1EB0198AEBA200BF9E3E /* PBXContainerItemProxy */;
		};
/* End PBXTargetDependency section */

/* Begin PBXVariantGroup section */
		96ED1EA6198AEBA200BF9E3E /* Main.storyboard */ = {
			isa = PBXVariantGroup;
			children = (
				96ED1EA7198AEBA200BF9E3E /* Base */,
			);
			name = Main.storyboard;
			sourceTree = "<group>";
		};
/* End PBXVariantGroup section */

/* Begin XCBuildConfiguration section */
		96ED1EB7198AEBA200BF9E3E /* Debug */ = {
			isa = XCBuildConfiguration;
			buildSettings = {
				ALWAYS_SEARCH_USER_PATHS = NO;
				CLANG_CXX_LANGUAGE_STANDARD = "gnu++0x";
				CLANG_CXX_LIBRARY = "libc++";
				CLANG_ENABLE_MODULES = YES;
				CLANG_ENABLE_OBJC_ARC = YES;
				CLANG_WARN_BOOL_CONVERSION = YES;
				CLANG_WARN_CONSTANT_CONVERSION = YES;
				CLANG_WARN_DIRECT_OBJC_ISA_USAGE = YES_ERROR;
				CLANG_WARN_EMPTY_BODY = YES;
				CLANG_WARN_ENUM_CONVERSION = YES;
				CLANG_WARN_INT_CONVERSION = YES;
				CLANG_WARN_OBJC_ROOT_CLASS = YES_ERROR;
				CLANG_WARN_UNREACHABLE_CODE = YES;
				CLANG_WARN__DUPLICATE_METHOD_MATCH = YES;
				"CODE_SIGN_IDENTITY[sdk=iphoneos*]" = "iPhone Developer";
				COPY_PHASE_STRIP = NO;
				ENABLE_STRICT_OBJC_MSGSEND = YES;
				GCC_C_LANGUAGE_STANDARD = gnu99;
				GCC_DYNAMIC_NO_PIC = NO;
				GCC_OPTIMIZATION_LEVEL = 0;
				GCC_PREPROCESSOR_DEFINITIONS = (
					"DEBUG=1",
					"$(inherited)",
				);
				GCC_SYMBOLS_PRIVATE_EXTERN = NO;
				GCC_WARN_64_TO_32_BIT_CONVERSION = YES;
				GCC_WARN_ABOUT_RETURN_TYPE = YES_ERROR;
				GCC_WARN_UNDECLARED_SELECTOR = YES;
				GCC_WARN_UNINITIALIZED_AUTOS = YES_AGGRESSIVE;
				GCC_WARN_UNUSED_FUNCTION = YES;
				GCC_WARN_UNUSED_VARIABLE = YES;
				IPHONEOS_DEPLOYMENT_TARGET = 8.0;
				MTL_ENABLE_DEBUG_INFO = YES;
				ONLY_ACTIVE_ARCH = YES;
				SDKROOT = iphoneos;
			};
			name = Debug;
		};
		96ED1EB8198AEBA200BF9E3E /* Release */ = {
			isa = XCBuildConfiguration;
			buildSettings = {
				ALWAYS_SEARCH_USER_PATHS = NO;
				CLANG_CXX_LANGUAGE_STANDARD = "gnu++0x";
				CLANG_CXX_LIBRARY = "libc++";
				CLANG_ENABLE_MODULES = YES;
				CLANG_ENABLE_OBJC_ARC = YES;
				CLANG_WARN_BOOL_CONVERSION = YES;
				CLANG_WARN_CONSTANT_CONVERSION = YES;
				CLANG_WARN_DIRECT_OBJC_ISA_USAGE = YES_ERROR;
				CLANG_WARN_EMPTY_BODY = YES;
				CLANG_WARN_ENUM_CONVERSION = YES;
				CLANG_WARN_INT_CONVERSION = YES;
				CLANG_WARN_OBJC_ROOT_CLASS = YES_ERROR;
				CLANG_WARN_UNREACHABLE_CODE = YES;
				CLANG_WARN__DUPLICATE_METHOD_MATCH = YES;
				"CODE_SIGN_IDENTITY[sdk=iphoneos*]" = "iPhone Developer";
				COPY_PHASE_STRIP = YES;
				ENABLE_NS_ASSERTIONS = NO;
				ENABLE_STRICT_OBJC_MSGSEND = YES;
				GCC_C_LANGUAGE_STANDARD = gnu99;
				GCC_WARN_64_TO_32_BIT_CONVERSION = YES;
				GCC_WARN_ABOUT_RETURN_TYPE = YES_ERROR;
				GCC_WARN_UNDECLARED_SELECTOR = YES;
				GCC_WARN_UNINITIALIZED_AUTOS = YES_AGGRESSIVE;
				GCC_WARN_UNUSED_FUNCTION = YES;
				GCC_WARN_UNUSED_VARIABLE = YES;
				IPHONEOS_DEPLOYMENT_TARGET = 8.0;
				MTL_ENABLE_DEBUG_INFO = NO;
				SDKROOT = iphoneos;
				VALIDATE_PRODUCT = YES;
			};
			name = Release;
		};
		96ED1EBA198AEBA200BF9E3E /* Debug */ = {
			isa = XCBuildConfiguration;
			buildSettings = {
				ASSETCATALOG_COMPILER_APPICON_NAME = AppIcon;
				ASSETCATALOG_COMPILER_LAUNCHIMAGE_NAME = LaunchImage;
				INFOPLIST_FILE = hAndyPlayer/Info.plist;
				LD_RUNPATH_SEARCH_PATHS = "$(inherited) @executable_path/Frameworks";
				PRODUCT_NAME = "$(TARGET_NAME)";
			};
			name = Debug;
		};
		96ED1EBB198AEBA200BF9E3E /* Release */ = {
			isa = XCBuildConfiguration;
			buildSettings = {
				ASSETCATALOG_COMPILER_APPICON_NAME = AppIcon;
				ASSETCATALOG_COMPILER_LAUNCHIMAGE_NAME = LaunchImage;
				INFOPLIST_FILE = hAndyPlayer/Info.plist;
				LD_RUNPATH_SEARCH_PATHS = "$(inherited) @executable_path/Frameworks";
				PRODUCT_NAME = "$(TARGET_NAME)";
			};
			name = Release;
		};
		96ED1EBD198AEBA200BF9E3E /* Debug */ = {
			isa = XCBuildConfiguration;
			buildSettings = {
				BUNDLE_LOADER = "$(BUILT_PRODUCTS_DIR)/hAndyPlayer.app/hAndyPlayer";
				FRAMEWORK_SEARCH_PATHS = (
					"$(SDKROOT)/Developer/Library/Frameworks",
					"$(inherited)",
				);
				GCC_PREPROCESSOR_DEFINITIONS = (
					"DEBUG=1",
					"$(inherited)",
				);
				INFOPLIST_FILE = hAndyPlayerTests/Info.plist;
				LD_RUNPATH_SEARCH_PATHS = "$(inherited) @executable_path/Frameworks @loader_path/Frameworks";
				PRODUCT_NAME = "$(TARGET_NAME)";
				TEST_HOST = "$(BUNDLE_LOADER)";
			};
			name = Debug;
		};
		96ED1EBE198AEBA200BF9E3E /* Release */ = {
			isa = XCBuildConfiguration;
			buildSettings = {
				BUNDLE_LOADER = "$(BUILT_PRODUCTS_DIR)/hAndyPlayer.app/hAndyPlayer";
				FRAMEWORK_SEARCH_PATHS = (
					"$(SDKROOT)/Developer/Library/Frameworks",
					"$(inherited)",
				);
				INFOPLIST_FILE = hAndyPlayerTests/Info.plist;
				LD_RUNPATH_SEARCH_PATHS = "$(inherited) @executable_path/Frameworks @loader_path/Frameworks";
				PRODUCT_NAME = "$(TARGET_NAME)";
				TEST_HOST = "$(BUNDLE_LOADER)";
			};
			name = Release;
		};
/* End XCBuildConfiguration section */

/* Begin XCConfigurationList section */
		96ED1E91198AEBA200BF9E3E /* Build configuration list for PBXProject "hAndyPlayer" */ = {
			isa = XCConfigurationList;
			buildConfigurations = (
				96ED1EB7198AEBA200BF9E3E /* Debug */,
				96ED1EB8198AEBA200BF9E3E /* Release */,
			);
			defaultConfigurationIsVisible = 0;
			defaultConfigurationName = Release;
		};
		96ED1EB9198AEBA200BF9E3E /* Build configuration list for PBXNativeTarget "hAndyPlayer" */ = {
			isa = XCConfigurationList;
			buildConfigurations = (
				96ED1EBA198AEBA200BF9E3E /* Debug */,
				96ED1EBB198AEBA200BF9E3E /* Release */,
			);
			defaultConfigurationIsVisible = 0;
		};
		96ED1EBC198AEBA200BF9E3E /* Build configuration list for PBXNativeTarget "hAndyPlayerTests" */ = {
			isa = XCConfigurationList;
			buildConfigurations = (
				96ED1EBD198AEBA200BF9E3E /* Debug */,
				96ED1EBE198AEBA200BF9E3E /* Release */,
			);
			defaultConfigurationIsVisible = 0;
		};
/* End XCConfigurationList section */

/* Begin XCVersionGroup section */
		96ED1EA0198AEBA200BF9E3E /* hAndyPlayer.xcdatamodeld */ = {
			isa = XCVersionGroup;
			children = (
				96ED1EA1198AEBA200BF9E3E /* hAndyPlayer.xcdatamodel */,
			);
			currentVersion = 96ED1EA1198AEBA200BF9E3E /* hAndyPlayer.xcdatamodel */;
			path = hAndyPlayer.xcdatamodeld;
			sourceTree = "<group>";
			versionGroupType = wrapper.xcdatamodel;
		};
/* End XCVersionGroup section */
	};
	rootObject = 96ED1E8E198AEBA200BF9E3E /* Project object */;
}
